
Microsoft Visual Studio Solution File, Format Version 12.00
# Visual Studio Version 17
VisualStudioVersion = 17.0.32126.317
MinimumVisualStudioVersion = 10.0.40219.1
Project("{FAE04EC0-301F-11D3-BF4B-00C04F79EFBC}") = "MaximumNumber", "MaximumNumber.csproj", "{31D12AE5-FE4C-4D32-B4E9-27ACBCE1F25A}"
EndProject
Project("{FAE04EC0-301F-11D3-BF4B-00C04F79EFBC}") = "MaximumNumberTest", "..\MaximumNumberTest\MaximumNumberTest.csproj", "{932E08FF-D2EB-460C-960C-A3358DFF72EB}"
EndProject
Global
	GlobalSection(SolutionConfigurationPlatforms) = preSolution
		Debug|Any CPU = Debug|Any CPU
		Release|Any CPU = Release|Any CPU
	EndGlobalSection
	GlobalSection(ProjectConfigurationPlatforms) = postSolution
		{31D12AE5-FE4C-4D32-B4E9-27ACBCE1F25A}.Debug|Any CPU.ActiveCfg = Debug|Any CPU
		{31D12AE5-FE4C-4D32-B4E9-27ACBCE1F25A}.Debug|Any CPU.Build.0 = Debug|Any CPU
		{31D12AE5-FE4C-4D32-B4E9-27ACBCE1F25A}.Release|Any CPU.ActiveCfg = Release|Any CPU
		{31D12AE5-FE4C-4D32-B4E9-27ACBCE1F25A}.Release|Any CPU.Build.0 = Release|Any CPU
		{932E08FF-D2EB-460C-960C-A3358DFF72EB}.Debug|Any CPU.ActiveCfg = Debug|Any CPU
		{932E08FF-D2EB-460C-960C-A3358DFF72EB}.Debug|Any CPU.Build.0 = Debug|Any CPU
		{932E08FF-D2EB-460C-960C-A3358DFF72EB}.Release|Any CPU.ActiveCfg = Release|Any CPU
		{932E08FF-D2EB-460C-960C-A3358DFF72EB}.Release|Any CPU.Build.0 = Release|Any CPU
	EndGlobalSection
	GlobalSection(SolutionProperties) = preSolution
		HideSolutionNode = FALSE
	EndGlobalSection
	GlobalSection(ExtensibilityGlobals) = postSolution
		SolutionGuid = {979E4845-D035-492D-8F60-F18B106C3257}
	EndGlobalSection
EndGlobal
